
Microsoft Visual Studio Solution File, Format Version 12.00
# Visual Studio Version 17
VisualStudioVersion = 17.8.34330.188
MinimumVisualStudioVersion = 10.0.40219.1
Project("{FAE04EC0-301F-11D3-BF4B-00C04F79EFBC}") = "Pacman", "Pacman\Pacman.csproj", "{FD4F0CC3-F46B-4032-AD4D-096731FE1940}"
EndProject
Global
	GlobalSection(SolutionConfigurationPlatforms) = preSolution
		Debug|Any CPU = Debug|Any CPU
		Release|Any CPU = Release|Any CPU
	EndGlobalSection
	GlobalSection(ProjectConfigurationPlatforms) = postSolution
		{FD4F0CC3-F46B-4032-AD4D-096731FE1940}.Debug|Any CPU.ActiveCfg = Debug|Any CPU
		{FD4F0CC3-F46B-4032-AD4D-096731FE1940}.Debug|Any CPU.Build.0 = Debug|Any CPU
		{FD4F0CC3-F46B-4032-AD4D-096731FE1940}.Release|Any CPU.ActiveCfg = Release|Any CPU
		{FD4F0CC3-F46B-4032-AD4D-096731FE1940}.Release|Any CPU.Build.0 = Release|Any CPU
	EndGlobalSection
	GlobalSection(SolutionProperties) = preSolution
		HideSolutionNode = FALSE
	EndGlobalSection
	GlobalSection(ExtensibilityGlobals) = postSolution
		SolutionGuid = {558D598A-6265-4F48-B472-71F3D2E4EA59}
	EndGlobalSection
EndGlobal
